
Microsoft Visual Studio Solution File, Format Version 12.00
# Visual Studio Version 17
VisualStudioVersion = 17.6.33815.320
MinimumVisualStudioVersion = 10.0.40219.1
Project("{FAE04EC0-301F-11D3-BF4B-00C04F79EFBC}") = "CreatePost", "CreatePost.csproj", "{8D5F55A5-CF25-4C73-9FF5-DF269B86E87B}"
EndProject
Global
	GlobalSection(SolutionConfigurationPlatforms) = preSolution
		Debug|Any CPU = Debug|Any CPU
		Release|Any CPU = Release|Any CPU
	EndGlobalSection
	GlobalSection(ProjectConfigurationPlatforms) = postSolution
		{8D5F55A5-CF25-4C73-9FF5-DF269B86E87B}.Debug|Any CPU.ActiveCfg = Debug|Any CPU
		{8D5F55A5-CF25-4C73-9FF5-DF269B86E87B}.Debug|Any CPU.Build.0 = Debug|Any CPU
		{8D5F55A5-CF25-4C73-9FF5-DF269B86E87B}.Release|Any CPU.ActiveCfg = Release|Any CPU
		{8D5F55A5-CF25-4C73-9FF5-DF269B86E87B}.Release|Any CPU.Build.0 = Release|Any CPU
	EndGlobalSection
	GlobalSection(SolutionProperties) = preSolution
		HideSolutionNode = FALSE
	EndGlobalSection
	GlobalSection(ExtensibilityGlobals) = postSolution
		SolutionGuid = {F538BD67-9009-4419-A61F-34C903D75836}
	EndGlobalSection
EndGlobal
